
Microsoft Visual Studio Solution File, Format Version 12.00
# Visual Studio Version 17
VisualStudioVersion = 17.0.32112.339
MinimumVisualStudioVersion = 10.0.40219.1
Project("{FAE04EC0-301F-11D3-BF4B-00C04F79EFBC}") = "ClubeDaLeitura.ConsoleApp", "ClubeDaLeitura.ConsoleApp\ClubeDaLeitura.ConsoleApp.csproj", "{90E19183-1D29-46A1-B426-0A16E1D10207}"
EndProject
Global
	GlobalSection(SolutionConfigurationPlatforms) = preSolution
		Debug|Any CPU = Debug|Any CPU
		Release|Any CPU = Release|Any CPU
	EndGlobalSection
	GlobalSection(ProjectConfigurationPlatforms) = postSolution
		{90E19183-1D29-46A1-B426-0A16E1D10207}.Debug|Any CPU.ActiveCfg = Debug|Any CPU
		{90E19183-1D29-46A1-B426-0A16E1D10207}.Debug|Any CPU.Build.0 = Debug|Any CPU
		{90E19183-1D29-46A1-B426-0A16E1D10207}.Release|Any CPU.ActiveCfg = Release|Any CPU
		{90E19183-1D29-46A1-B426-0A16E1D10207}.Release|Any CPU.Build.0 = Release|Any CPU
	EndGlobalSection
	GlobalSection(SolutionProperties) = preSolution
		HideSolutionNode = FALSE
	EndGlobalSection
	GlobalSection(ExtensibilityGlobals) = postSolution
		SolutionGuid = {CCEE3F46-45EB-467C-A79D-9080CD663E22}
	EndGlobalSection
EndGlobal
